
Microsoft Visual Studio Solution File, Format Version 12.00
# Visual Studio 14
VisualStudioVersion = 14.0.25420.1
MinimumVisualStudioVersion = 10.0.40219.1
Project("{F2A71F9B-5D33-465A-A702-920D77279786}") = "HelloWorld", "HelloWorld\HelloWorld.fsproj", "{A1518583-9433-44F7-9A32-2CA55FEB73EE}"
EndProject
Project("{F2A71F9B-5D33-465A-A702-920D77279786}") = "HelloWorldWinForms", "HelloWorldWinForms\HelloWorldWinForms.fsproj", "{69D68CC6-FC7D-4604-833B-008E7E4550A5}"
EndProject
Project("{F2A71F9B-5D33-465A-A702-920D77279786}") = "HelloWorldWPF", "HelloWorldWPF\HelloWorldWPF.fsproj", "{3308C180-43E2-40D3-8B24-2D9E7DB40598}"
EndProject
Project("{F2A71F9B-5D33-465A-A702-920D77279786}") = "Calculator.Test", "Calculator.Test\Calculator.Test.fsproj", "{5B413573-7995-418A-970B-ACB3E6FE7899}"
EndProject
Project("{F2A71F9B-5D33-465A-A702-920D77279786}") = "Calculator", "Calculator\Calculator.fsproj", "{852D51DE-19C3-4C4A-B489-2D2F8659D5C8}"
EndProject
Project("{F2A71F9B-5D33-465A-A702-920D77279786}") = "SimpleClassesAndEnums", "SimpleClassesAndEnums\SimpleClassesAndEnums.fsproj", "{6F92F7D9-8517-4611-9A78-8CD37443710D}"
EndProject
Project("{F2A71F9B-5D33-465A-A702-920D77279786}") = "DeclaringFunctionsAndLambdaExpressions", "DeclaringFunctionsAndLambdaExpressions\DeclaringFunctionsAndLambdaExpressions.fsproj", "{D5FFC5BF-62FF-4913-9647-3F5ACCBBE43E}"
EndProject
Project("{F2A71F9B-5D33-465A-A702-920D77279786}") = "Precomputation", "Precomputation\Precomputation.fsproj", "{B2AE8B0B-55BE-4FF1-AB1E-02869916B1FE}"
EndProject
Project("{F2A71F9B-5D33-465A-A702-920D77279786}") = "Recursion", "Recursion\Recursion.fsproj", "{EEA0B4C5-3AA8-4038-B160-72E0CF4D8032}"
EndProject
Project("{F2A71F9B-5D33-465A-A702-920D77279786}") = "Tuples", "Tuples\Tuples.fsproj", "{BFD00BEC-44E7-429F-B6BA-0DCBDCA035AD}"
EndProject
Global
	GlobalSection(SolutionConfigurationPlatforms) = preSolution
		Debug|Any CPU = Debug|Any CPU
		Release|Any CPU = Release|Any CPU
	EndGlobalSection
	GlobalSection(ProjectConfigurationPlatforms) = postSolution
		{A1518583-9433-44F7-9A32-2CA55FEB73EE}.Debug|Any CPU.ActiveCfg = Debug|Any CPU
		{A1518583-9433-44F7-9A32-2CA55FEB73EE}.Debug|Any CPU.Build.0 = Debug|Any CPU
		{A1518583-9433-44F7-9A32-2CA55FEB73EE}.Release|Any CPU.ActiveCfg = Release|Any CPU
		{A1518583-9433-44F7-9A32-2CA55FEB73EE}.Release|Any CPU.Build.0 = Release|Any CPU
		{69D68CC6-FC7D-4604-833B-008E7E4550A5}.Debug|Any CPU.ActiveCfg = Debug|Any CPU
		{69D68CC6-FC7D-4604-833B-008E7E4550A5}.Debug|Any CPU.Build.0 = Debug|Any CPU
		{69D68CC6-FC7D-4604-833B-008E7E4550A5}.Release|Any CPU.ActiveCfg = Release|Any CPU
		{69D68CC6-FC7D-4604-833B-008E7E4550A5}.Release|Any CPU.Build.0 = Release|Any CPU
		{3308C180-43E2-40D3-8B24-2D9E7DB40598}.Debug|Any CPU.ActiveCfg = Debug|Any CPU
		{3308C180-43E2-40D3-8B24-2D9E7DB40598}.Debug|Any CPU.Build.0 = Debug|Any CPU
		{3308C180-43E2-40D3-8B24-2D9E7DB40598}.Release|Any CPU.ActiveCfg = Release|Any CPU
		{3308C180-43E2-40D3-8B24-2D9E7DB40598}.Release|Any CPU.Build.0 = Release|Any CPU
		{5B413573-7995-418A-970B-ACB3E6FE7899}.Debug|Any CPU.ActiveCfg = Debug|Any CPU
		{5B413573-7995-418A-970B-ACB3E6FE7899}.Debug|Any CPU.Build.0 = Debug|Any CPU
		{5B413573-7995-418A-970B-ACB3E6FE7899}.Release|Any CPU.ActiveCfg = Release|Any CPU
		{5B413573-7995-418A-970B-ACB3E6FE7899}.Release|Any CPU.Build.0 = Release|Any CPU
		{852D51DE-19C3-4C4A-B489-2D2F8659D5C8}.Debug|Any CPU.ActiveCfg = Debug|Any CPU
		{852D51DE-19C3-4C4A-B489-2D2F8659D5C8}.Debug|Any CPU.Build.0 = Debug|Any CPU
		{852D51DE-19C3-4C4A-B489-2D2F8659D5C8}.Release|Any CPU.ActiveCfg = Release|Any CPU
		{852D51DE-19C3-4C4A-B489-2D2F8659D5C8}.Release|Any CPU.Build.0 = Release|Any CPU
		{6F92F7D9-8517-4611-9A78-8CD37443710D}.Debug|Any CPU.ActiveCfg = Debug|Any CPU
		{6F92F7D9-8517-4611-9A78-8CD37443710D}.Debug|Any CPU.Build.0 = Debug|Any CPU
		{6F92F7D9-8517-4611-9A78-8CD37443710D}.Release|Any CPU.ActiveCfg = Release|Any CPU
		{6F92F7D9-8517-4611-9A78-8CD37443710D}.Release|Any CPU.Build.0 = Release|Any CPU
		{D5FFC5BF-62FF-4913-9647-3F5ACCBBE43E}.Debug|Any CPU.ActiveCfg = Debug|Any CPU
		{D5FFC5BF-62FF-4913-9647-3F5ACCBBE43E}.Debug|Any CPU.Build.0 = Debug|Any CPU
		{D5FFC5BF-62FF-4913-9647-3F5ACCBBE43E}.Release|Any CPU.ActiveCfg = Release|Any CPU
		{D5FFC5BF-62FF-4913-9647-3F5ACCBBE43E}.Release|Any CPU.Build.0 = Release|Any CPU
		{B2AE8B0B-55BE-4FF1-AB1E-02869916B1FE}.Debug|Any CPU.ActiveCfg = Debug|Any CPU
		{B2AE8B0B-55BE-4FF1-AB1E-02869916B1FE}.Debug|Any CPU.Build.0 = Debug|Any CPU
		{B2AE8B0B-55BE-4FF1-AB1E-02869916B1FE}.Release|Any CPU.ActiveCfg = Release|Any CPU
		{B2AE8B0B-55BE-4FF1-AB1E-02869916B1FE}.Release|Any CPU.Build.0 = Release|Any CPU
		{EEA0B4C5-3AA8-4038-B160-72E0CF4D8032}.Debug|Any CPU.ActiveCfg = Debug|Any CPU
		{EEA0B4C5-3AA8-4038-B160-72E0CF4D8032}.Debug|Any CPU.Build.0 = Debug|Any CPU
		{EEA0B4C5-3AA8-4038-B160-72E0CF4D8032}.Release|Any CPU.ActiveCfg = Release|Any CPU
		{EEA0B4C5-3AA8-4038-B160-72E0CF4D8032}.Release|Any CPU.Build.0 = Release|Any CPU
		{BFD00BEC-44E7-429F-B6BA-0DCBDCA035AD}.Debug|Any CPU.ActiveCfg = Debug|Any CPU
		{BFD00BEC-44E7-429F-B6BA-0DCBDCA035AD}.Debug|Any CPU.Build.0 = Debug|Any CPU
		{BFD00BEC-44E7-429F-B6BA-0DCBDCA035AD}.Release|Any CPU.ActiveCfg = Release|Any CPU
		{BFD00BEC-44E7-429F-B6BA-0DCBDCA035AD}.Release|Any CPU.Build.0 = Release|Any CPU
	EndGlobalSection
	GlobalSection(SolutionProperties) = preSolution
		HideSolutionNode = FALSE
	EndGlobalSection
EndGlobal
